
Microsoft Visual Studio Solution File, Format Version 12.00
# Visual Studio Version 17
VisualStudioVersion = 17.14.36202.13 d17.14
MinimumVisualStudioVersion = 10.0.40219.1
Project("{FAE04EC0-301F-11D3-BF4B-00C04F79EFBC}") = "UsoDeLibreriasNuget", "UsoDeLibreriasNuget\UsoDeLibreriasNuget.csproj", "{8CCE4C3F-D038-4AA6-86BF-4DF68718F5EB}"
EndProject
Global
	GlobalSection(SolutionConfigurationPlatforms) = preSolution
		Debug|Any CPU = Debug|Any CPU
		Release|Any CPU = Release|Any CPU
	EndGlobalSection
	GlobalSection(ProjectConfigurationPlatforms) = postSolution
		{8CCE4C3F-D038-4AA6-86BF-4DF68718F5EB}.Debug|Any CPU.ActiveCfg = Debug|Any CPU
		{8CCE4C3F-D038-4AA6-86BF-4DF68718F5EB}.Debug|Any CPU.Build.0 = Debug|Any CPU
		{8CCE4C3F-D038-4AA6-86BF-4DF68718F5EB}.Release|Any CPU.ActiveCfg = Release|Any CPU
		{8CCE4C3F-D038-4AA6-86BF-4DF68718F5EB}.Release|Any CPU.Build.0 = Release|Any CPU
	EndGlobalSection
	GlobalSection(SolutionProperties) = preSolution
		HideSolutionNode = FALSE
	EndGlobalSection
	GlobalSection(ExtensibilityGlobals) = postSolution
		SolutionGuid = {075F1A32-2C4F-4B7F-B901-6D250B780606}
	EndGlobalSection
EndGlobal
