
Microsoft Visual Studio Solution File, Format Version 12.00
# Visual Studio Version 17
VisualStudioVersion = 17.14.36202.13 d17.14
MinimumVisualStudioVersion = 10.0.40219.1
Project("{FAE04EC0-301F-11D3-BF4B-00C04F79EFBC}") = "App_Caseta", "App_Caseta\App_Caseta.csproj", "{8F3A55E4-C73B-4EAA-B34A-F5E3FC572E19}"
EndProject
Project("{FAE04EC0-301F-11D3-BF4B-00C04F79EFBC}") = "WebApiSCAR", "WebApiSCAR\WebApiSCAR.csproj", "{3D2D96FA-69FB-D16B-8038-2C706D7A7210}"
EndProject
Global
	GlobalSection(SolutionConfigurationPlatforms) = preSolution
		Debug|Any CPU = Debug|Any CPU
		Release|Any CPU = Release|Any CPU
	EndGlobalSection
	GlobalSection(ProjectConfigurationPlatforms) = postSolution
		{8F3A55E4-C73B-4EAA-B34A-F5E3FC572E19}.Debug|Any CPU.ActiveCfg = Debug|Any CPU
		{8F3A55E4-C73B-4EAA-B34A-F5E3FC572E19}.Debug|Any CPU.Build.0 = Debug|Any CPU
		{8F3A55E4-C73B-4EAA-B34A-F5E3FC572E19}.Release|Any CPU.ActiveCfg = Release|Any CPU
		{8F3A55E4-C73B-4EAA-B34A-F5E3FC572E19}.Release|Any CPU.Build.0 = Release|Any CPU
		{3D2D96FA-69FB-D16B-8038-2C706D7A7210}.Debug|Any CPU.ActiveCfg = Debug|Any CPU
		{3D2D96FA-69FB-D16B-8038-2C706D7A7210}.Debug|Any CPU.Build.0 = Debug|Any CPU
		{3D2D96FA-69FB-D16B-8038-2C706D7A7210}.Release|Any CPU.ActiveCfg = Release|Any CPU
		{3D2D96FA-69FB-D16B-8038-2C706D7A7210}.Release|Any CPU.Build.0 = Release|Any CPU
	EndGlobalSection
	GlobalSection(SolutionProperties) = preSolution
		HideSolutionNode = FALSE
	EndGlobalSection
	GlobalSection(ExtensibilityGlobals) = postSolution
		SolutionGuid = {56C84CFD-FAA5-43FE-A586-EAEEED8791FD}
	EndGlobalSection
EndGlobal
