
Microsoft Visual Studio Solution File, Format Version 12.00
# Visual Studio Version 17
VisualStudioVersion = 17.14.36202.13 d17.14
MinimumVisualStudioVersion = 10.0.40219.1
Project("{FAE04EC0-301F-11D3-BF4B-00C04F79EFBC}") = "Names", "Names.csproj", "{DF9CDADB-C787-494F-B3C3-EB4814F7C85F}"
EndProject
Global
	GlobalSection(SolutionConfigurationPlatforms) = preSolution
		Debug|Any CPU = Debug|Any CPU
		Release|Any CPU = Release|Any CPU
	EndGlobalSection
	GlobalSection(ProjectConfigurationPlatforms) = postSolution
		{DF9CDADB-C787-494F-B3C3-EB4814F7C85F}.Debug|Any CPU.ActiveCfg = Debug|Any CPU
		{DF9CDADB-C787-494F-B3C3-EB4814F7C85F}.Debug|Any CPU.Build.0 = Debug|Any CPU
		{DF9CDADB-C787-494F-B3C3-EB4814F7C85F}.Release|Any CPU.ActiveCfg = Release|Any CPU
		{DF9CDADB-C787-494F-B3C3-EB4814F7C85F}.Release|Any CPU.Build.0 = Release|Any CPU
	EndGlobalSection
	GlobalSection(SolutionProperties) = preSolution
		HideSolutionNode = FALSE
	EndGlobalSection
	GlobalSection(ExtensibilityGlobals) = postSolution
		SolutionGuid = {1A737F34-255C-424D-81A4-41303CE126FF}
	EndGlobalSection
EndGlobal
